// !$*UTF8*$!
{
	archiveVersion = 1;
	classes = {
	};
	objectVersion = 51;
	objects = {

/* Begin PBXBuildFile section */
		12695C732384333700B46F36 /* AppDelegate.swift in Sources */ = {isa = PBXBuildFile; fileRef = 12695C722384333700B46F36 /* AppDelegate.swift */; };
		12695C752384333700B46F36 /* SceneDelegate.swift in Sources */ = {isa = PBXBuildFile; fileRef = 12695C742384333700B46F36 /* SceneDelegate.swift */; };
		12695C772384333700B46F36 /* UserSelectionViewController.swift in Sources */ = {isa = PBXBuildFile; fileRef = 12695C762384333700B46F36 /* UserSelectionViewController.swift */; };
		12695C7A2384333700B46F36 /* Main.storyboard in Resources */ = {isa = PBXBuildFile; fileRef = 12695C782384333700B46F36 /* Main.storyboard */; };
		12695C7C2384333800B46F36 /* Assets.xcassets in Resources */ = {isa = PBXBuildFile; fileRef = 12695C7B2384333800B46F36 /* Assets.xcassets */; };
		12695C7F2384333800B46F36 /* LaunchScreen.storyboard in Resources */ = {isa = PBXBuildFile; fileRef = 12695C7D2384333800B46F36 /* LaunchScreen.storyboard */; };
		12695C87238437BF00B46F36 /* Constants.swift in Sources */ = {isa = PBXBuildFile; fileRef = 12695C86238437BF00B46F36 /* Constants.swift */; };
		128B4AF0238554DA00EF0FF1 /* Utils.swift in Sources */ = {isa = PBXBuildFile; fileRef = 128B4AEF238554DA00EF0FF1 /* Utils.swift */; };
		12A86F5F238578DD008F0D6E /* ConversationViewController.swift in Sources */ = {isa = PBXBuildFile; fileRef = 12A86F5E238578DD008F0D6E /* ConversationViewController.swift */; };
		78E23366247FE21500A24DD2 /* WebManager.swift in Sources */ = {isa = PBXBuildFile; fileRef = 78E23365247FE21500A24DD2 /* WebManager.swift */; };
		8F0F36C09B77C17106B26D6D /* Pods_GettingStarted.framework in Frameworks */ = {isa = PBXBuildFile; fileRef = B5F2901DEAAD02560B98BDFB /* Pods_GettingStarted.framework */; };
/* End PBXBuildFile section */

/* Begin PBXFileReference section */
		12695C6F2384333700B46F36 /* GettingStarted.app */ = {isa = PBXFileReference; explicitFileType = wrapper.application; includeInIndex = 0; path = GettingStarted.app; sourceTree = BUILT_PRODUCTS_DIR; };
		12695C722384333700B46F36 /* AppDelegate.swift */ = {isa = PBXFileReference; lastKnownFileType = sourcecode.swift; path = AppDelegate.swift; sourceTree = "<group>"; };
		12695C742384333700B46F36 /* SceneDelegate.swift */ = {isa = PBXFileReference; lastKnownFileType = sourcecode.swift; path = SceneDelegate.swift; sourceTree = "<group>"; };
		12695C762384333700B46F36 /* UserSelectionViewController.swift */ = {isa = PBXFileReference; lastKnownFileType = sourcecode.swift; path = UserSelectionViewController.swift; sourceTree = "<group>"; };
		12695C792384333700B46F36 /* Base */ = {isa = PBXFileReference; lastKnownFileType = file.storyboard; name = Base; path = Base.lproj/Main.storyboard; sourceTree = "<group>"; };
		12695C7B2384333800B46F36 /* Assets.xcassets */ = {isa = PBXFileReference; lastKnownFileType = folder.assetcatalog; path = Assets.xcassets; sourceTree = "<group>"; };
		12695C7E2384333800B46F36 /* Base */ = {isa = PBXFileReference; lastKnownFileType = file.storyboard; name = Base; path = Base.lproj/LaunchScreen.storyboard; sourceTree = "<group>"; };
		12695C802384333800B46F36 /* Info.plist */ = {isa = PBXFileReference; lastKnownFileType = text.plist.xml; path = Info.plist; sourceTree = "<group>"; };
		12695C86238437BF00B46F36 /* Constants.swift */ = {isa = PBXFileReference; lastKnownFileType = sourcecode.swift; path = Constants.swift; sourceTree = "<group>"; };
		128B4AEF238554DA00EF0FF1 /* Utils.swift */ = {isa = PBXFileReference; lastKnownFileType = sourcecode.swift; path = Utils.swift; sourceTree = "<group>"; };
		12A86F5E238578DD008F0D6E /* ConversationViewController.swift */ = {isa = PBXFileReference; lastKnownFileType = sourcecode.swift; path = ConversationViewController.swift; sourceTree = "<group>"; };
		78E23365247FE21500A24DD2 /* WebManager.swift */ = {isa = PBXFileReference; lastKnownFileType = sourcecode.swift; path = WebManager.swift; sourceTree = "<group>"; };
		B5F2901DEAAD02560B98BDFB /* Pods_GettingStarted.framework */ = {isa = PBXFileReference; explicitFileType = wrapper.framework; includeInIndex = 0; path = Pods_GettingStarted.framework; sourceTree = BUILT_PRODUCTS_DIR; };
		D324599B5BBE0C26A0F65E24 /* Pods-GettingStarted.release.xcconfig */ = {isa = PBXFileReference; includeInIndex = 1; lastKnownFileType = text.xcconfig; name = "Pods-GettingStarted.release.xcconfig"; path = "Target Support Files/Pods-GettingStarted/Pods-GettingStarted.release.xcconfig"; sourceTree = "<group>"; };
		F993B076B60ACB196ACBCE6A /* Pods-GettingStarted.debug.xcconfig */ = {isa = PBXFileReference; includeInIndex = 1; lastKnownFileType = text.xcconfig; name = "Pods-GettingStarted.debug.xcconfig"; path = "Target Support Files/Pods-GettingStarted/Pods-GettingStarted.debug.xcconfig"; sourceTree = "<group>"; };
/* End PBXFileReference section */

/* Begin PBXFrameworksBuildPhase section */
		12695C6C2384333700B46F36 /* Frameworks */ = {
			isa = PBXFrameworksBuildPhase;
			buildActionMask = 2147483647;
			files = (
				8F0F36C09B77C17106B26D6D /* Pods_GettingStarted.framework in Frameworks */,
			);
			runOnlyForDeploymentPostprocessing = 0;
		};
/* End PBXFrameworksBuildPhase section */

/* Begin PBXGroup section */
		12695C662384333700B46F36 = {
			isa = PBXGroup;
			children = (
				12695C712384333700B46F36 /* GettingStarted */,
				12695C702384333700B46F36 /* Products */,
				70F6401FAD8308300504127E /* Pods */,
				CD2C7BA0E51F141ECAE0403F /* Frameworks */,
			);
			sourceTree = "<group>";
		};
		12695C702384333700B46F36 /* Products */ = {
			isa = PBXGroup;
			children = (
				12695C6F2384333700B46F36 /* GettingStarted.app */,
			);
			name = Products;
			sourceTree = "<group>";
		};
		12695C712384333700B46F36 /* GettingStarted */ = {
			isa = PBXGroup;
			children = (
				12695C7B2384333800B46F36 /* Assets.xcassets */,
				12695C7D2384333800B46F36 /* LaunchScreen.storyboard */,
				12695C86238437BF00B46F36 /* Constants.swift */,
				128B4AEF238554DA00EF0FF1 /* Utils.swift */,
				12695C722384333700B46F36 /* AppDelegate.swift */,
				12695C742384333700B46F36 /* SceneDelegate.swift */,
				12695C762384333700B46F36 /* UserSelectionViewController.swift */,
				12A86F5E238578DD008F0D6E /* ConversationViewController.swift */,
				12695C782384333700B46F36 /* Main.storyboard */,
				12695C802384333800B46F36 /* Info.plist */,
				78E23365247FE21500A24DD2 /* WebManager.swift */,
			);
			path = GettingStarted;
			sourceTree = "<group>";
		};
		70F6401FAD8308300504127E /* Pods */ = {
			isa = PBXGroup;
			children = (
				F993B076B60ACB196ACBCE6A /* Pods-GettingStarted.debug.xcconfig */,
				D324599B5BBE0C26A0F65E24 /* Pods-GettingStarted.release.xcconfig */,
			);
			path = Pods;
			sourceTree = "<group>";
		};
		CD2C7BA0E51F141ECAE0403F /* Frameworks */ = {
			isa = PBXGroup;
			children = (
				B5F2901DEAAD02560B98BDFB /* Pods_GettingStarted.framework */,
			);
			name = Frameworks;
			sourceTree = "<group>";
		};
/* End PBXGroup section */

/* Begin PBXNativeTarget section */
		12695C6E2384333700B46F36 /* GettingStarted */ = {
			isa = PBXNativeTarget;
			buildConfigurationList = 12695C832384333800B46F36 /* Build configuration list for PBXNativeTarget "GettingStarted" */;
			buildPhases = (
				01DC8B7626D50C403CA39B74 /* [CP] Check Pods Manifest.lock */,
				12695C6B2384333700B46F36 /* Sources */,
				12695C6C2384333700B46F36 /* Frameworks */,
				12695C6D2384333700B46F36 /* Resources */,
				BE914EC834DF74DE17F2792B /* [CP] Embed Pods Frameworks */,
			);
			buildRules = (
			);
			dependencies = (
			);
			name = GettingStarted;
			productName = GettingStarted;
			productReference = 12695C6F2384333700B46F36 /* GettingStarted.app */;
			productType = "com.apple.product-type.application";
		};
/* End PBXNativeTarget section */

/* Begin PBXProject section */
		12695C672384333700B46F36 /* Project object */ = {
			isa = PBXProject;
			attributes = {
				LastSwiftUpdateCheck = 1100;
				LastUpgradeCheck = 1100;
				ORGANIZATIONNAME = Nexmo;
				TargetAttributes = {
					12695C6E2384333700B46F36 = {
						CreatedOnToolsVersion = 11.0;
					};
				};
			};
			buildConfigurationList = 12695C6A2384333700B46F36 /* Build configuration list for PBXProject "GettingStarted" */;
			compatibilityVersion = "Xcode 9.3";
			developmentRegion = en;
			hasScannedForEncodings = 0;
			knownRegions = (
				en,
				Base,
			);
			mainGroup = 12695C662384333700B46F36;
			productRefGroup = 12695C702384333700B46F36 /* Products */;
			projectDirPath = "";
			projectRoot = "";
			targets = (
				12695C6E2384333700B46F36 /* GettingStarted */,
			);
		};
/* End PBXProject section */

/* Begin PBXResourcesBuildPhase section */
		12695C6D2384333700B46F36 /* Resources */ = {
			isa = PBXResourcesBuildPhase;
			buildActionMask = 2147483647;
			files = (
				12695C7F2384333800B46F36 /* LaunchScreen.storyboard in Resources */,
				12695C7C2384333800B46F36 /* Assets.xcassets in Resources */,
				12695C7A2384333700B46F36 /* Main.storyboard in Resources */,
			);
			runOnlyForDeploymentPostprocessing = 0;
		};
/* End PBXResourcesBuildPhase section */

/* Begin PBXShellScriptBuildPhase section */
		01DC8B7626D50C403CA39B74 /* [CP] Check Pods Manifest.lock */ = {
			isa = PBXShellScriptBuildPhase;
			buildActionMask = 2147483647;
			files = (
			);
			inputFileListPaths = (
			);
			inputPaths = (
				"${PODS_PODFILE_DIR_PATH}/Podfile.lock",
				"${PODS_ROOT}/Manifest.lock",
			);
			name = "[CP] Check Pods Manifest.lock";
			outputFileListPaths = (
			);
			outputPaths = (
				"$(DERIVED_FILE_DIR)/Pods-GettingStarted-checkManifestLockResult.txt",
			);
			runOnlyForDeploymentPostprocessing = 0;
			shellPath = /bin/sh;
			shellScript = "diff \"${PODS_PODFILE_DIR_PATH}/Podfile.lock\" \"${PODS_ROOT}/Manifest.lock\" > /dev/null\nif [ $? != 0 ] ; then\n    # print error to STDERR\n    echo \"error: The sandbox is not in sync with the Podfile.lock. Run 'pod install' or update your CocoaPods installation.\" >&2\n    exit 1\nfi\n# This output is used by Xcode 'outputs' to avoid re-running this script phase.\necho \"SUCCESS\" > \"${SCRIPT_OUTPUT_FILE_0}\"\n";
			showEnvVarsInLog = 0;
		};
		BE914EC834DF74DE17F2792B /* [CP] Embed Pods Frameworks */ = {
			isa = PBXShellScriptBuildPhase;
			buildActionMask = 2147483647;
			files = (
			);
			inputFileListPaths = (
				"${PODS_ROOT}/Target Support Files/Pods-GettingStarted/Pods-GettingStarted-frameworks-${CONFIGURATION}-input-files.xcfilelist",
			);
			name = "[CP] Embed Pods Frameworks";
			outputFileListPaths = (
				"${PODS_ROOT}/Target Support Files/Pods-GettingStarted/Pods-GettingStarted-frameworks-${CONFIGURATION}-output-files.xcfilelist",
			);
			runOnlyForDeploymentPostprocessing = 0;
			shellPath = /bin/sh;
			shellScript = "\"${PODS_ROOT}/Target Support Files/Pods-GettingStarted/Pods-GettingStarted-frameworks.sh\"\n";
			showEnvVarsInLog = 0;
		};
/* End PBXShellScriptBuildPhase section */

/* Begin PBXSourcesBuildPhase section */
		12695C6B2384333700B46F36 /* Sources */ = {
			isa = PBXSourcesBuildPhase;
			buildActionMask = 2147483647;
			files = (
				78E23366247FE21500A24DD2 /* WebManager.swift in Sources */,
				128B4AF0238554DA00EF0FF1 /* Utils.swift in Sources */,
				12695C772384333700B46F36 /* UserSelectionViewController.swift in Sources */,
				12A86F5F238578DD008F0D6E /* ConversationViewController.swift in Sources */,
				12695C732384333700B46F36 /* AppDelegate.swift in Sources */,
				12695C752384333700B46F36 /* SceneDelegate.swift in Sources */,
				12695C87238437BF00B46F36 /* Constants.swift in Sources */,
			);
			runOnlyForDeploymentPostprocessing = 0;
		};
/* End PBXSourcesBuildPhase section */

/* Begin PBXVariantGroup section */
		12695C782384333700B46F36 /* Main.storyboard */ = {
			isa = PBXVariantGroup;
			children = (
				12695C792384333700B46F36 /* Base */,
			);
			name = Main.storyboard;
			sourceTree = "<group>";
		};
		12695C7D2384333800B46F36 /* LaunchScreen.storyboard */ = {
			isa = PBXVariantGroup;
			children = (
				12695C7E2384333800B46F36 /* Base */,
			);
			name = LaunchScreen.storyboard;
			sourceTree = "<group>";
		};
/* End PBXVariantGroup section */

/* Begin XCBuildConfiguration section */
		12695C812384333800B46F36 /* Debug */ = {
			isa = XCBuildConfiguration;
			buildSettings = {
				ALWAYS_SEARCH_USER_PATHS = NO;
				CLANG_ANALYZER_NONNULL = YES;
				CLANG_ANALYZER_NUMBER_OBJECT_CONVERSION = YES_AGGRESSIVE;
				CLANG_CXX_LANGUAGE_STANDARD = "gnu++14";
				CLANG_CXX_LIBRARY = "libc++";
				CLANG_ENABLE_MODULES = YES;
				CLANG_ENABLE_OBJC_ARC = YES;
				CLANG_ENABLE_OBJC_WEAK = YES;
				CLANG_WARN_BLOCK_CAPTURE_AUTORELEASING = YES;
				CLANG_WARN_BOOL_CONVERSION = YES;
				CLANG_WARN_COMMA = YES;
				CLANG_WARN_CONSTANT_CONVERSION = YES;
				CLANG_WARN_DEPRECATED_OBJC_IMPLEMENTATIONS = YES;
				CLANG_WARN_DIRECT_OBJC_ISA_USAGE = YES_ERROR;
				CLANG_WARN_DOCUMENTATION_COMMENTS = YES;
				CLANG_WARN_EMPTY_BODY = YES;
				CLANG_WARN_ENUM_CONVERSION = YES;
				CLANG_WARN_INFINITE_RECURSION = YES;
				CLANG_WARN_INT_CONVERSION = YES;
				CLANG_WARN_NON_LITERAL_NULL_CONVERSION = YES;
				CLANG_WARN_OBJC_IMPLICIT_RETAIN_SELF = YES;
				CLANG_WARN_OBJC_LITERAL_CONVERSION = YES;
				CLANG_WARN_OBJC_ROOT_CLASS = YES_ERROR;
				CLANG_WARN_RANGE_LOOP_ANALYSIS = YES;
				CLANG_WARN_STRICT_PROTOTYPES = YES;
				CLANG_WARN_SUSPICIOUS_MOVE = YES;
				CLANG_WARN_UNGUARDED_AVAILABILITY = YES_AGGRESSIVE;
				CLANG_WARN_UNREACHABLE_CODE = YES;
				CLANG_WARN__DUPLICATE_METHOD_MATCH = YES;
				COPY_PHASE_STRIP = NO;
				DEBUG_INFORMATION_FORMAT = dwarf;
				ENABLE_STRICT_OBJC_MSGSEND = YES;
				ENABLE_TESTABILITY = YES;
				GCC_C_LANGUAGE_STANDARD = gnu11;
				GCC_DYNAMIC_NO_PIC = NO;
				GCC_NO_COMMON_BLOCKS = YES;
				GCC_OPTIMIZATION_LEVEL = 0;
				GCC_PREPROCESSOR_DEFINITIONS = (
					"DEBUG=1",
					"$(inherited)",
				);
				GCC_WARN_64_TO_32_BIT_CONVERSION = YES;
				GCC_WARN_ABOUT_RETURN_TYPE = YES_ERROR;
				GCC_WARN_UNDECLARED_SELECTOR = YES;
				GCC_WARN_UNINITIALIZED_AUTOS = YES_AGGRESSIVE;
				GCC_WARN_UNUSED_FUNCTION = YES;
				GCC_WARN_UNUSED_VARIABLE = YES;
				IPHONEOS_DEPLOYMENT_TARGET = 11.0;
				MTL_ENABLE_DEBUG_INFO = INCLUDE_SOURCE;
				MTL_FAST_MATH = YES;
				ONLY_ACTIVE_ARCH = YES;
				SDKROOT = iphoneos;
				SWIFT_ACTIVE_COMPILATION_CONDITIONS = DEBUG;
				SWIFT_OPTIMIZATION_LEVEL = "-Onone";
			};
			name = Debug;
		};
		12695C822384333800B46F36 /* Release */ = {
			isa = XCBuildConfiguration;
			buildSettings = {
				ALWAYS_SEARCH_USER_PATHS = NO;
				CLANG_ANALYZER_NONNULL = YES;
				CLANG_ANALYZER_NUMBER_OBJECT_CONVERSION = YES_AGGRESSIVE;
				CLANG_CXX_LANGUAGE_STANDARD = "gnu++14";
				CLANG_CXX_LIBRARY = "libc++";
				CLANG_ENABLE_MODULES = YES;
				CLANG_ENABLE_OBJC_ARC = YES;
				CLANG_ENABLE_OBJC_WEAK = YES;
				CLANG_WARN_BLOCK_CAPTURE_AUTORELEASING = YES;
				CLANG_WARN_BOOL_CONVERSION = YES;
				CLANG_WARN_COMMA = YES;
				CLANG_WARN_CONSTANT_CONVERSION = YES;
				CLANG_WARN_DEPRECATED_OBJC_IMPLEMENTATIONS = YES;
				CLANG_WARN_DIRECT_OBJC_ISA_USAGE = YES_ERROR;
				CLANG_WARN_DOCUMENTATION_COMMENTS = YES;
				CLANG_WARN_EMPTY_BODY = YES;
				CLANG_WARN_ENUM_CONVERSION = YES;
				CLANG_WARN_INFINITE_RECURSION = YES;
				CLANG_WARN_INT_CONVERSION = YES;
				CLANG_WARN_NON_LITERAL_NULL_CONVERSION = YES;
				CLANG_WARN_OBJC_IMPLICIT_RETAIN_SELF = YES;
				CLANG_WARN_OBJC_LITERAL_CONVERSION = YES;
				CLANG_WARN_OBJC_ROOT_CLASS = YES_ERROR;
				CLANG_WARN_RANGE_LOOP_ANALYSIS = YES;
				CLANG_WARN_STRICT_PROTOTYPES = YES;
				CLANG_WARN_SUSPICIOUS_MOVE = YES;
				CLANG_WARN_UNGUARDED_AVAILABILITY = YES_AGGRESSIVE;
				CLANG_WARN_UNREACHABLE_CODE = YES;
				CLANG_WARN__DUPLICATE_METHOD_MATCH = YES;
				COPY_PHASE_STRIP = NO;
				DEBUG_INFORMATION_FORMAT = "dwarf-with-dsym";
				ENABLE_NS_ASSERTIONS = NO;
				ENABLE_STRICT_OBJC_MSGSEND = YES;
				GCC_C_LANGUAGE_STANDARD = gnu11;
				GCC_NO_COMMON_BLOCKS = YES;
				GCC_WARN_64_TO_32_BIT_CONVERSION = YES;
				GCC_WARN_ABOUT_RETURN_TYPE = YES_ERROR;
				GCC_WARN_UNDECLARED_SELECTOR = YES;
				GCC_WARN_UNINITIALIZED_AUTOS = YES_AGGRESSIVE;
				GCC_WARN_UNUSED_FUNCTION = YES;
				GCC_WARN_UNUSED_VARIABLE = YES;
				IPHONEOS_DEPLOYMENT_TARGET = 11.0;
				MTL_ENABLE_DEBUG_INFO = NO;
				MTL_FAST_MATH = YES;
				SDKROOT = iphoneos;
				SWIFT_COMPILATION_MODE = wholemodule;
				SWIFT_OPTIMIZATION_LEVEL = "-O";
				VALIDATE_PRODUCT = YES;
			};
			name = Release;
		};
		12695C842384333800B46F36 /* Debug */ = {
			isa = XCBuildConfiguration;
			baseConfigurationReference = F993B076B60ACB196ACBCE6A /* Pods-GettingStarted.debug.xcconfig */;
			buildSettings = {
				ASSETCATALOG_COMPILER_APPICON_NAME = AppIcon;
				CODE_SIGN_STYLE = Automatic;
				DEVELOPMENT_TEAM = U5PC3SM5VX;
				ENABLE_BITCODE = NO;
				INFOPLIST_FILE = GettingStarted/Info.plist;
				IPHONEOS_DEPLOYMENT_TARGET = 13.0;
				LD_RUNPATH_SEARCH_PATHS = (
					"$(inherited)",
					"@executable_path/Frameworks",
				);
				PRODUCT_BUNDLE_IDENTIFIER = com.ahs.vonage;
				PRODUCT_NAME = "$(TARGET_NAME)";
				SWIFT_VERSION = 5.0;
				TARGETED_DEVICE_FAMILY = 1;
			};
			name = Debug;
		};
		12695C852384333800B46F36 /* Release */ = {
			isa = XCBuildConfiguration;
			baseConfigurationReference = D324599B5BBE0C26A0F65E24 /* Pods-GettingStarted.release.xcconfig */;
			buildSettings = {
				ASSETCATALOG_COMPILER_APPICON_NAME = AppIcon;
				CODE_SIGN_IDENTITY = "Apple Development";
				CODE_SIGN_STYLE = Automatic;
				DEVELOPMENT_TEAM = U5PC3SM5VX;
				ENABLE_BITCODE = NO;
				INFOPLIST_FILE = GettingStarted/Info.plist;
				IPHONEOS_DEPLOYMENT_TARGET = 13.0;
				LD_RUNPATH_SEARCH_PATHS = (
					"$(inherited)",
					"@executable_path/Frameworks",
				);
				PRODUCT_BUNDLE_IDENTIFIER = com.ahs.vonage;
				PRODUCT_NAME = "$(TARGET_NAME)";
				PROVISIONING_PROFILE_SPECIFIER = "";
				SWIFT_VERSION = 5.0;
				TARGETED_DEVICE_FAMILY = 1;
			};
			name = Release;
		};
/* End XCBuildConfiguration section */

/* Begin XCConfigurationList section */
		12695C6A2384333700B46F36 /* Build configuration list for PBXProject "GettingStarted" */ = {
			isa = XCConfigurationList;
			buildConfigurations = (
				12695C812384333800B46F36 /* Debug */,
				12695C822384333800B46F36 /* Release */,
			);
			defaultConfigurationIsVisible = 0;
			defaultConfigurationName = Release;
		};
		12695C832384333800B46F36 /* Build configuration list for PBXNativeTarget "GettingStarted" */ = {
			isa = XCConfigurationList;
			buildConfigurations = (
				12695C842384333800B46F36 /* Debug */,
				12695C852384333800B46F36 /* Release */,
			);
			defaultConfigurationIsVisible = 0;
			defaultConfigurationName = Release;
		};
/* End XCConfigurationList section */
	};
	rootObject = 12695C672384333700B46F36 /* Project object */;
}
